// !$*UTF8*$!
{
	archiveVersion = 1;
	classes = {
	};
	objectVersion = 46;
	objects = {

/* Begin PBXBuildFile section */
		2F4FFBAD16EE6325005805DB /* EditMenuDetailViewController.m in Sources */ = {isa = PBXBuildFile; fileRef = 2F4FFBAC16EE6325005805DB /* EditMenuDetailViewController.m */; };
		2F89588A16EB8608004A7B0E /* UIKit.framework in Frameworks */ = {isa = PBXBuildFile; fileRef = 2F89588916EB8608004A7B0E /* UIKit.framework */; };
		2F89588C16EB8608004A7B0E /* Foundation.framework in Frameworks */ = {isa = PBXBuildFile; fileRef = 2F89588B16EB8608004A7B0E /* Foundation.framework */; };
		2F89588E16EB8608004A7B0E /* CoreGraphics.framework in Frameworks */ = {isa = PBXBuildFile; fileRef = 2F89588D16EB8608004A7B0E /* CoreGraphics.framework */; };
		2F89589416EB8608004A7B0E /* InfoPlist.strings in Resources */ = {isa = PBXBuildFile; fileRef = 2F89589216EB8608004A7B0E /* InfoPlist.strings */; };
		2F89589616EB8608004A7B0E /* main.m in Sources */ = {isa = PBXBuildFile; fileRef = 2F89589516EB8608004A7B0E /* main.m */; };
		2F89589A16EB8608004A7B0E /* ManageMyRestaurantiOSAppDelegate.m in Sources */ = {isa = PBXBuildFile; fileRef = 2F89589916EB8608004A7B0E /* ManageMyRestaurantiOSAppDelegate.m */; };
		2F89589C16EB8608004A7B0E /* Default.png in Resources */ = {isa = PBXBuildFile; fileRef = 2F89589B16EB8608004A7B0E /* Default.png */; };
		2F89589E16EB8608004A7B0E /* Default@2x.png in Resources */ = {isa = PBXBuildFile; fileRef = 2F89589D16EB8608004A7B0E /* Default@2x.png */; };
		2F8958A016EB8609004A7B0E /* Default-568h@2x.png in Resources */ = {isa = PBXBuildFile; fileRef = 2F89589F16EB8609004A7B0E /* Default-568h@2x.png */; };
		2F8958A316EB8609004A7B0E /* MainStoryboard_iPhone.storyboard in Resources */ = {isa = PBXBuildFile; fileRef = 2F8958A116EB8609004A7B0E /* MainStoryboard_iPhone.storyboard */; };
		2F8958A616EB8609004A7B0E /* MainStoryboard_iPad.storyboard in Resources */ = {isa = PBXBuildFile; fileRef = 2F8958A416EB8609004A7B0E /* MainStoryboard_iPad.storyboard */; };
		2F89593516EBF5D3004A7B0E /* MenuItem.m in Sources */ = {isa = PBXBuildFile; fileRef = 2F89593416EBF5D3004A7B0E /* MenuItem.m */; };
		2F89593816EBF82A004A7B0E /* MenuItemDataController.m in Sources */ = {isa = PBXBuildFile; fileRef = 2F89593716EBF82A004A7B0E /* MenuItemDataController.m */; };
		2F89593B16EC0478004A7B0E /* MenuMasterViewController.m in Sources */ = {isa = PBXBuildFile; fileRef = 2F89593A16EC0478004A7B0E /* MenuMasterViewController.m */; };
		2F89593E16EC052A004A7B0E /* MenuDetailViewController.m in Sources */ = {isa = PBXBuildFile; fileRef = 2F89593D16EC052A004A7B0E /* MenuDetailViewController.m */; };
		2FC85AD916F0E42800C3216E /* UICustomSwitch.m in Sources */ = {isa = PBXBuildFile; fileRef = 2FC85AD216F0E42800C3216E /* UICustomSwitch.m */; };
		2FC85ADA16F0E42800C3216E /* switchOffPlain.png in Resources */ = {isa = PBXBuildFile; fileRef = 2FC85AD316F0E42800C3216E /* switchOffPlain.png */; };
		2FC85ADB16F0E42800C3216E /* switchThumb.png in Resources */ = {isa = PBXBuildFile; fileRef = 2FC85AD516F0E42800C3216E /* switchThumb.png */; };
		2FC85ADC16F0E42800C3216E /* switchBlueBg.png in Resources */ = {isa = PBXBuildFile; fileRef = 2FC85AD616F0E42800C3216E /* switchBlueBg.png */; };
		D63DB54B16F645FF00B2D7CE /* SBJsonStreamParserAccumulator.m in Sources */ = {isa = PBXBuildFile; fileRef = D63DB53816F645FF00B2D7CE /* SBJsonStreamParserAccumulator.m */; };
		D63DB54C16F645FF00B2D7CE /* SBJsonWriter.m in Sources */ = {isa = PBXBuildFile; fileRef = D63DB53A16F645FF00B2D7CE /* SBJsonWriter.m */; };
		D63DB54D16F645FF00B2D7CE /* SBJsonStreamParser.m in Sources */ = {isa = PBXBuildFile; fileRef = D63DB53B16F645FF00B2D7CE /* SBJsonStreamParser.m */; };
		D63DB54E16F645FF00B2D7CE /* SBJsonStreamParserAdapter.m in Sources */ = {isa = PBXBuildFile; fileRef = D63DB53C16F645FF00B2D7CE /* SBJsonStreamParserAdapter.m */; };
		D63DB54F16F645FF00B2D7CE /* SBJsonStreamParserState.m in Sources */ = {isa = PBXBuildFile; fileRef = D63DB54216F645FF00B2D7CE /* SBJsonStreamParserState.m */; };
		D63DB55016F645FF00B2D7CE /* SBJsonStreamWriterState.m in Sources */ = {isa = PBXBuildFile; fileRef = D63DB54616F645FF00B2D7CE /* SBJsonStreamWriterState.m */; };
		D63DB55116F645FF00B2D7CE /* SBJsonStreamTokeniser.m in Sources */ = {isa = PBXBuildFile; fileRef = D63DB54716F645FF00B2D7CE /* SBJsonStreamTokeniser.m */; };
		D63DB55216F645FF00B2D7CE /* SBJsonStreamWriter.m in Sources */ = {isa = PBXBuildFile; fileRef = D63DB54816F645FF00B2D7CE /* SBJsonStreamWriter.m */; };
		D63DB55316F645FF00B2D7CE /* SBJsonParser.m in Sources */ = {isa = PBXBuildFile; fileRef = D63DB54916F645FF00B2D7CE /* SBJsonParser.m */; };
		D63DB55416F645FF00B2D7CE /* SBJsonStreamWriterAccumulator.m in Sources */ = {isa = PBXBuildFile; fileRef = D63DB54A16F645FF00B2D7CE /* SBJsonStreamWriterAccumulator.m */; };
		D6C3506816F51CCD00C5FBD4 /* ASIFormDataRequest.m in Sources */ = {isa = PBXBuildFile; fileRef = D6C3505516F51CCD00C5FBD4 /* ASIFormDataRequest.m */; settings = {COMPILER_FLAGS = "-fno-objc-arc"; }; };
		D6C3506916F51CCD00C5FBD4 /* ASIInputStream.m in Sources */ = {isa = PBXBuildFile; fileRef = D6C3505616F51CCD00C5FBD4 /* ASIInputStream.m */; settings = {COMPILER_FLAGS = "-fno-objc-arc"; }; };
		D6C3506A16F51CCD00C5FBD4 /* ASIHTTPRequest.m in Sources */ = {isa = PBXBuildFile; fileRef = D6C3505816F51CCD00C5FBD4 /* ASIHTTPRequest.m */; settings = {COMPILER_FLAGS = "-fno-objc-arc"; }; };
		D6C3506B16F51CCD00C5FBD4 /* ASIDownloadCache.m in Sources */ = {isa = PBXBuildFile; fileRef = D6C3505916F51CCD00C5FBD4 /* ASIDownloadCache.m */; settings = {COMPILER_FLAGS = "-fno-objc-arc"; }; };
		D6C3506C16F51CCD00C5FBD4 /* ASIDataCompressor.m in Sources */ = {isa = PBXBuildFile; fileRef = D6C3505B16F51CCD00C5FBD4 /* ASIDataCompressor.m */; settings = {COMPILER_FLAGS = "-fno-objc-arc"; }; };
		D6C3506D16F51CCD00C5FBD4 /* ASIAuthenticationDialog.m in Sources */ = {isa = PBXBuildFile; fileRef = D6C3505E16F51CCD00C5FBD4 /* ASIAuthenticationDialog.m */; settings = {COMPILER_FLAGS = "-fno-objc-arc"; }; };
		D6C3506E16F51CCD00C5FBD4 /* ASINetworkQueue.m in Sources */ = {isa = PBXBuildFile; fileRef = D6C3506016F51CCD00C5FBD4 /* ASINetworkQueue.m */; settings = {COMPILER_FLAGS = "-fno-objc-arc"; }; };
		D6C3506F16F51CCD00C5FBD4 /* ASIDataDecompressor.m in Sources */ = {isa = PBXBuildFile; fileRef = D6C3506216F51CCD00C5FBD4 /* ASIDataDecompressor.m */; settings = {COMPILER_FLAGS = "-fno-objc-arc"; }; };
		D6C3507016F51CCD00C5FBD4 /* Reachability.m in Sources */ = {isa = PBXBuildFile; fileRef = D6C3506516F51CCD00C5FBD4 /* Reachability.m */; settings = {COMPILER_FLAGS = "-fno-objc-arc"; }; };
		D6C3509216F51D3000C5FBD4 /* CFNetwork.framework in Frameworks */ = {isa = PBXBuildFile; fileRef = D6C3509116F51D3000C5FBD4 /* CFNetwork.framework */; };
		D6C3509416F51D3700C5FBD4 /* libz.dylib in Frameworks */ = {isa = PBXBuildFile; fileRef = D6C3509316F51D3700C5FBD4 /* libz.dylib */; };
		D6C3509616F51D3D00C5FBD4 /* SystemConfiguration.framework in Frameworks */ = {isa = PBXBuildFile; fileRef = D6C3509516F51D3D00C5FBD4 /* SystemConfiguration.framework */; };
		D6C3509816F51D4500C5FBD4 /* MobileCoreServices.framework in Frameworks */ = {isa = PBXBuildFile; fileRef = D6C3509716F51D4500C5FBD4 /* MobileCoreServices.framework */; };
		DD113ACA16EFBC2000703CFA /* AddMenuItemViewController.m in Sources */ = {isa = PBXBuildFile; fileRef = DD113AC916EFBC2000703CFA /* AddMenuItemViewController.m */; };
/* End PBXBuildFile section */

/* Begin PBXFileReference section */
		2F4FFBAB16EE6325005805DB /* EditMenuDetailViewController.h */ = {isa = PBXFileReference; fileEncoding = 4; lastKnownFileType = sourcecode.c.h; path = EditMenuDetailViewController.h; sourceTree = "<group>"; };
		2F4FFBAC16EE6325005805DB /* EditMenuDetailViewController.m */ = {isa = PBXFileReference; fileEncoding = 4; lastKnownFileType = sourcecode.c.objc; path = EditMenuDetailViewController.m; sourceTree = "<group>"; };
		2F89588616EB8608004A7B0E /* ManageMyRestaurantiOS.app */ = {isa = PBXFileReference; explicitFileType = wrapper.application; includeInIndex = 0; path = ManageMyRestaurantiOS.app; sourceTree = BUILT_PRODUCTS_DIR; };
		2F89588916EB8608004A7B0E /* UIKit.framework */ = {isa = PBXFileReference; lastKnownFileType = wrapper.framework; name = UIKit.framework; path = System/Library/Frameworks/UIKit.framework; sourceTree = SDKROOT; };
		2F89588B16EB8608004A7B0E /* Foundation.framework */ = {isa = PBXFileReference; lastKnownFileType = wrapper.framework; name = Foundation.framework; path = System/Library/Frameworks/Foundation.framework; sourceTree = SDKROOT; };
		2F89588D16EB8608004A7B0E /* CoreGraphics.framework */ = {isa = PBXFileReference; lastKnownFileType = wrapper.framework; name = CoreGraphics.framework; path = System/Library/Frameworks/CoreGraphics.framework; sourceTree = SDKROOT; };
		2F89589116EB8608004A7B0E /* ManageMyRestaurantiOS-Info.plist */ = {isa = PBXFileReference; lastKnownFileType = text.plist.xml; path = "ManageMyRestaurantiOS-Info.plist"; sourceTree = "<group>"; };
		2F89589316EB8608004A7B0E /* en */ = {isa = PBXFileReference; lastKnownFileType = text.plist.strings; name = en; path = en.lproj/InfoPlist.strings; sourceTree = "<group>"; };
		2F89589516EB8608004A7B0E /* main.m */ = {isa = PBXFileReference; lastKnownFileType = sourcecode.c.objc; path = main.m; sourceTree = "<group>"; };
		2F89589716EB8608004A7B0E /* ManageMyRestaurantiOS-Prefix.pch */ = {isa = PBXFileReference; lastKnownFileType = sourcecode.c.h; path = "ManageMyRestaurantiOS-Prefix.pch"; sourceTree = "<group>"; };
		2F89589816EB8608004A7B0E /* ManageMyRestaurantiOSAppDelegate.h */ = {isa = PBXFileReference; lastKnownFileType = sourcecode.c.h; path = ManageMyRestaurantiOSAppDelegate.h; sourceTree = "<group>"; };
		2F89589916EB8608004A7B0E /* ManageMyRestaurantiOSAppDelegate.m */ = {isa = PBXFileReference; lastKnownFileType = sourcecode.c.objc; path = ManageMyRestaurantiOSAppDelegate.m; sourceTree = "<group>"; };
		2F89589B16EB8608004A7B0E /* Default.png */ = {isa = PBXFileReference; lastKnownFileType = image.png; path = Default.png; sourceTree = "<group>"; };
		2F89589D16EB8608004A7B0E /* Default@2x.png */ = {isa = PBXFileReference; lastKnownFileType = image.png; path = "Default@2x.png"; sourceTree = "<group>"; };
		2F89589F16EB8609004A7B0E /* Default-568h@2x.png */ = {isa = PBXFileReference; lastKnownFileType = image.png; path = "Default-568h@2x.png"; sourceTree = "<group>"; };
		2F8958A216EB8609004A7B0E /* en */ = {isa = PBXFileReference; lastKnownFileType = file.storyboard; name = en; path = en.lproj/MainStoryboard_iPhone.storyboard; sourceTree = "<group>"; };
		2F8958A516EB8609004A7B0E /* en */ = {isa = PBXFileReference; lastKnownFileType = file.storyboard; name = en; path = en.lproj/MainStoryboard_iPad.storyboard; sourceTree = "<group>"; };
		2F89593316EBF5D3004A7B0E /* MenuItem.h */ = {isa = PBXFileReference; fileEncoding = 4; lastKnownFileType = sourcecode.c.h; path = MenuItem.h; sourceTree = "<group>"; };
		2F89593416EBF5D3004A7B0E /* MenuItem.m */ = {isa = PBXFileReference; fileEncoding = 4; lastKnownFileType = sourcecode.c.objc; path = MenuItem.m; sourceTree = "<group>"; };
		2F89593616EBF82A004A7B0E /* MenuItemDataController.h */ = {isa = PBXFileReference; fileEncoding = 4; lastKnownFileType = sourcecode.c.h; path = MenuItemDataController.h; sourceTree = "<group>"; };
		2F89593716EBF82A004A7B0E /* MenuItemDataController.m */ = {isa = PBXFileReference; fileEncoding = 4; lastKnownFileType = sourcecode.c.objc; path = MenuItemDataController.m; sourceTree = "<group>"; };
		2F89593916EC0478004A7B0E /* MenuMasterViewController.h */ = {isa = PBXFileReference; fileEncoding = 4; lastKnownFileType = sourcecode.c.h; path = MenuMasterViewController.h; sourceTree = "<group>"; };
		2F89593A16EC0478004A7B0E /* MenuMasterViewController.m */ = {isa = PBXFileReference; fileEncoding = 4; lastKnownFileType = sourcecode.c.objc; path = MenuMasterViewController.m; sourceTree = "<group>"; };
		2F89593C16EC052A004A7B0E /* MenuDetailViewController.h */ = {isa = PBXFileReference; fileEncoding = 4; lastKnownFileType = sourcecode.c.h; path = MenuDetailViewController.h; sourceTree = "<group>"; };
		2F89593D16EC052A004A7B0E /* MenuDetailViewController.m */ = {isa = PBXFileReference; fileEncoding = 4; lastKnownFileType = sourcecode.c.objc; path = MenuDetailViewController.m; sourceTree = "<group>"; };
		2FC85AD216F0E42800C3216E /* UICustomSwitch.m */ = {isa = PBXFileReference; fileEncoding = 4; lastKnownFileType = sourcecode.c.objc; path = UICustomSwitch.m; sourceTree = "<group>"; };
		2FC85AD316F0E42800C3216E /* switchOffPlain.png */ = {isa = PBXFileReference; lastKnownFileType = image.png; path = switchOffPlain.png; sourceTree = "<group>"; };
		2FC85AD416F0E42800C3216E /* UICustomSwitch.h */ = {isa = PBXFileReference; fileEncoding = 4; lastKnownFileType = sourcecode.c.h; path = UICustomSwitch.h; sourceTree = "<group>"; };
		2FC85AD516F0E42800C3216E /* switchThumb.png */ = {isa = PBXFileReference; lastKnownFileType = image.png; path = switchThumb.png; sourceTree = "<group>"; };
		2FC85AD616F0E42800C3216E /* switchBlueBg.png */ = {isa = PBXFileReference; lastKnownFileType = image.png; path = switchBlueBg.png; sourceTree = "<group>"; };
		D63DB53616F645FF00B2D7CE /* SBJsonStreamWriter.h */ = {isa = PBXFileReference; fileEncoding = 4; lastKnownFileType = sourcecode.c.h; path = SBJsonStreamWriter.h; sourceTree = "<group>"; };
		D63DB53716F645FF00B2D7CE /* SBJsonStreamWriterState.h */ = {isa = PBXFileReference; fileEncoding = 4; lastKnownFileType = sourcecode.c.h; path = SBJsonStreamWriterState.h; sourceTree = "<group>"; };
		D63DB53816F645FF00B2D7CE /* SBJsonStreamParserAccumulator.m */ = {isa = PBXFileReference; fileEncoding = 4; lastKnownFileType = sourcecode.c.objc; path = SBJsonStreamParserAccumulator.m; sourceTree = "<group>"; };
		D63DB53916F645FF00B2D7CE /* SBJsonStreamWriterAccumulator.h */ = {isa = PBXFileReference; fileEncoding = 4; lastKnownFileType = sourcecode.c.h; path = SBJsonStreamWriterAccumulator.h; sourceTree = "<group>"; };
		D63DB53A16F645FF00B2D7CE /* SBJsonWriter.m */ = {isa = PBXFileReference; fileEncoding = 4; lastKnownFileType = sourcecode.c.objc; path = SBJsonWriter.m; sourceTree = "<group>"; };
		D63DB53B16F645FF00B2D7CE /* SBJsonStreamParser.m */ = {isa = PBXFileReference; fileEncoding = 4; lastKnownFileType = sourcecode.c.objc; path = SBJsonStreamParser.m; sourceTree = "<group>"; };
		D63DB53C16F645FF00B2D7CE /* SBJsonStreamParserAdapter.m */ = {isa = PBXFileReference; fileEncoding = 4; lastKnownFileType = sourcecode.c.objc; path = SBJsonStreamParserAdapter.m; sourceTree = "<group>"; };
		D63DB53D16F645FF00B2D7CE /* SBJsonStreamParserAdapter.h */ = {isa = PBXFileReference; fileEncoding = 4; lastKnownFileType = sourcecode.c.h; path = SBJsonStreamParserAdapter.h; sourceTree = "<group>"; };
		D63DB53E16F645FF00B2D7CE /* SBJsonWriter.h */ = {isa = PBXFileReference; fileEncoding = 4; lastKnownFileType = sourcecode.c.h; path = SBJsonWriter.h; sourceTree = "<group>"; };
		D63DB53F16F645FF00B2D7CE /* SBJsonStreamParserState.h */ = {isa = PBXFileReference; fileEncoding = 4; lastKnownFileType = sourcecode.c.h; path = SBJsonStreamParserState.h; sourceTree = "<group>"; };
		D63DB54016F645FF00B2D7CE /* SBJsonStreamParser.h */ = {isa = PBXFileReference; fileEncoding = 4; lastKnownFileType = sourcecode.c.h; path = SBJsonStreamParser.h; sourceTree = "<group>"; };
		D63DB54116F645FF00B2D7CE /* SBJsonStreamTokeniser.h */ = {isa = PBXFileReference; fileEncoding = 4; lastKnownFileType = sourcecode.c.h; path = SBJsonStreamTokeniser.h; sourceTree = "<group>"; };
		D63DB54216F645FF00B2D7CE /* SBJsonStreamParserState.m */ = {isa = PBXFileReference; fileEncoding = 4; lastKnownFileType = sourcecode.c.objc; path = SBJsonStreamParserState.m; sourceTree = "<group>"; };
		D63DB54316F645FF00B2D7CE /* SBJson.h */ = {isa = PBXFileReference; fileEncoding = 4; lastKnownFileType = sourcecode.c.h; path = SBJson.h; sourceTree = "<group>"; };
		D63DB54416F645FF00B2D7CE /* SBJsonParser.h */ = {isa = PBXFileReference; fileEncoding = 4; lastKnownFileType = sourcecode.c.h; path = SBJsonParser.h; sourceTree = "<group>"; };
		D63DB54516F645FF00B2D7CE /* SBJsonStreamParserAccumulator.h */ = {isa = PBXFileReference; fileEncoding = 4; lastKnownFileType = sourcecode.c.h; path = SBJsonStreamParserAccumulator.h; sourceTree = "<group>"; };
		D63DB54616F645FF00B2D7CE /* SBJsonStreamWriterState.m */ = {isa = PBXFileReference; fileEncoding = 4; lastKnownFileType = sourcecode.c.objc; path = SBJsonStreamWriterState.m; sourceTree = "<group>"; };
		D63DB54716F645FF00B2D7CE /* SBJsonStreamTokeniser.m */ = {isa = PBXFileReference; fileEncoding = 4; lastKnownFileType = sourcecode.c.objc; path = SBJsonStreamTokeniser.m; sourceTree = "<group>"; };
		D63DB54816F645FF00B2D7CE /* SBJsonStreamWriter.m */ = {isa = PBXFileReference; fileEncoding = 4; lastKnownFileType = sourcecode.c.objc; path = SBJsonStreamWriter.m; sourceTree = "<group>"; };
		D63DB54916F645FF00B2D7CE /* SBJsonParser.m */ = {isa = PBXFileReference; fileEncoding = 4; lastKnownFileType = sourcecode.c.objc; path = SBJsonParser.m; sourceTree = "<group>"; };
		D63DB54A16F645FF00B2D7CE /* SBJsonStreamWriterAccumulator.m */ = {isa = PBXFileReference; fileEncoding = 4; lastKnownFileType = sourcecode.c.objc; path = SBJsonStreamWriterAccumulator.m; sourceTree = "<group>"; };
		D6C3505216F51CCD00C5FBD4 /* Reachability.h */ = {isa = PBXFileReference; fileEncoding = 4; lastKnownFileType = sourcecode.c.h; path = Reachability.h; sourceTree = "<group>"; };
		D6C3505316F51CCD00C5FBD4 /* ASIProgressDelegate.h */ = {isa = PBXFileReference; fileEncoding = 4; lastKnownFileType = sourcecode.c.h; path = ASIProgressDelegate.h; sourceTree = "<group>"; };
		D6C3505416F51CCD00C5FBD4 /* ASIDownloadCache.h */ = {isa = PBXFileReference; fileEncoding = 4; lastKnownFileType = sourcecode.c.h; path = ASIDownloadCache.h; sourceTree = "<group>"; };
		D6C3505516F51CCD00C5FBD4 /* ASIFormDataRequest.m */ = {isa = PBXFileReference; fileEncoding = 4; lastKnownFileType = sourcecode.c.objc; path = ASIFormDataRequest.m; sourceTree = "<group>"; };
		D6C3505616F51CCD00C5FBD4 /* ASIInputStream.m */ = {isa = PBXFileReference; fileEncoding = 4; lastKnownFileType = sourcecode.c.objc; path = ASIInputStream.m; sourceTree = "<group>"; };
		D6C3505716F51CCD00C5FBD4 /* ASIDataCompressor.h */ = {isa = PBXFileReference; fileEncoding = 4; lastKnownFileType = sourcecode.c.h; path = ASIDataCompressor.h; sourceTree = "<group>"; };
		D6C3505816F51CCD00C5FBD4 /* ASIHTTPRequest.m */ = {isa = PBXFileReference; fileEncoding = 4; lastKnownFileType = sourcecode.c.objc; path = ASIHTTPRequest.m; sourceTree = "<group>"; };
		D6C3505916F51CCD00C5FBD4 /* ASIDownloadCache.m */ = {isa = PBXFileReference; fileEncoding = 4; lastKnownFileType = sourcecode.c.objc; path = ASIDownloadCache.m; sourceTree = "<group>"; };
		D6C3505A16F51CCD00C5FBD4 /* ASINetworkQueue.h */ = {isa = PBXFileReference; fileEncoding = 4; lastKnownFileType = sourcecode.c.h; path = ASINetworkQueue.h; sourceTree = "<group>"; };
		D6C3505B16F51CCD00C5FBD4 /* ASIDataCompressor.m */ = {isa = PBXFileReference; fileEncoding = 4; lastKnownFileType = sourcecode.c.objc; path = ASIDataCompressor.m; sourceTree = "<group>"; };
		D6C3505C16F51CCD00C5FBD4 /* ASIAuthenticationDialog.h */ = {isa = PBXFileReference; fileEncoding = 4; lastKnownFileType = sourcecode.c.h; path = ASIAuthenticationDialog.h; sourceTree = "<group>"; };
		D6C3505D16F51CCD00C5FBD4 /* ASIHTTPRequest.h */ = {isa = PBXFileReference; fileEncoding = 4; lastKnownFileType = sourcecode.c.h; path = ASIHTTPRequest.h; sourceTree = "<group>"; };
		D6C3505E16F51CCD00C5FBD4 /* ASIAuthenticationDialog.m */ = {isa = PBXFileReference; fileEncoding = 4; lastKnownFileType = sourcecode.c.objc; path = ASIAuthenticationDialog.m; sourceTree = "<group>"; };
		D6C3505F16F51CCD00C5FBD4 /* ASIDataDecompressor.h */ = {isa = PBXFileReference; fileEncoding = 4; lastKnownFileType = sourcecode.c.h; path = ASIDataDecompressor.h; sourceTree = "<group>"; };
		D6C3506016F51CCD00C5FBD4 /* ASINetworkQueue.m */ = {isa = PBXFileReference; fileEncoding = 4; lastKnownFileType = sourcecode.c.objc; path = ASINetworkQueue.m; sourceTree = "<group>"; };
		D6C3506116F51CCD00C5FBD4 /* ASICacheDelegate.h */ = {isa = PBXFileReference; fileEncoding = 4; lastKnownFileType = sourcecode.c.h; path = ASICacheDelegate.h; sourceTree = "<group>"; };
		D6C3506216F51CCD00C5FBD4 /* ASIDataDecompressor.m */ = {isa = PBXFileReference; fileEncoding = 4; lastKnownFileType = sourcecode.c.objc; path = ASIDataDecompressor.m; sourceTree = "<group>"; };
		D6C3506316F51CCD00C5FBD4 /* ASIHTTPRequestConfig.h */ = {isa = PBXFileReference; fileEncoding = 4; lastKnownFileType = sourcecode.c.h; path = ASIHTTPRequestConfig.h; sourceTree = "<group>"; };
		D6C3506416F51CCD00C5FBD4 /* ASIHTTPRequestDelegate.h */ = {isa = PBXFileReference; fileEncoding = 4; lastKnownFileType = sourcecode.c.h; path = ASIHTTPRequestDelegate.h; sourceTree = "<group>"; };
		D6C3506516F51CCD00C5FBD4 /* Reachability.m */ = {isa = PBXFileReference; fileEncoding = 4; lastKnownFileType = sourcecode.c.objc; path = Reachability.m; sourceTree = "<group>"; };
		D6C3506616F51CCD00C5FBD4 /* ASIInputStream.h */ = {isa = PBXFileReference; fileEncoding = 4; lastKnownFileType = sourcecode.c.h; path = ASIInputStream.h; sourceTree = "<group>"; };
		D6C3506716F51CCD00C5FBD4 /* ASIFormDataRequest.h */ = {isa = PBXFileReference; fileEncoding = 4; lastKnownFileType = sourcecode.c.h; path = ASIFormDataRequest.h; sourceTree = "<group>"; };
		D6C3509116F51D3000C5FBD4 /* CFNetwork.framework */ = {isa = PBXFileReference; lastKnownFileType = wrapper.framework; name = CFNetwork.framework; path = System/Library/Frameworks/CFNetwork.framework; sourceTree = SDKROOT; };
		D6C3509316F51D3700C5FBD4 /* libz.dylib */ = {isa = PBXFileReference; lastKnownFileType = "compiled.mach-o.dylib"; name = libz.dylib; path = usr/lib/libz.dylib; sourceTree = SDKROOT; };
		D6C3509516F51D3D00C5FBD4 /* SystemConfiguration.framework */ = {isa = PBXFileReference; lastKnownFileType = wrapper.framework; name = SystemConfiguration.framework; path = System/Library/Frameworks/SystemConfiguration.framework; sourceTree = SDKROOT; };
		D6C3509716F51D4500C5FBD4 /* MobileCoreServices.framework */ = {isa = PBXFileReference; lastKnownFileType = wrapper.framework; name = MobileCoreServices.framework; path = System/Library/Frameworks/MobileCoreServices.framework; sourceTree = SDKROOT; };
		DD113AC816EFBC2000703CFA /* AddMenuItemViewController.h */ = {isa = PBXFileReference; fileEncoding = 4; lastKnownFileType = sourcecode.c.h; path = AddMenuItemViewController.h; sourceTree = "<group>"; };
		DD113AC916EFBC2000703CFA /* AddMenuItemViewController.m */ = {isa = PBXFileReference; fileEncoding = 4; lastKnownFileType = sourcecode.c.objc; path = AddMenuItemViewController.m; sourceTree = "<group>"; };
/* End PBXFileReference section */

/* Begin PBXFrameworksBuildPhase section */
		2F89588316EB8608004A7B0E /* Frameworks */ = {
			isa = PBXFrameworksBuildPhase;
			buildActionMask = 2147483647;
			files = (
				D6C3509816F51D4500C5FBD4 /* MobileCoreServices.framework in Frameworks */,
				D6C3509616F51D3D00C5FBD4 /* SystemConfiguration.framework in Frameworks */,
				D6C3509416F51D3700C5FBD4 /* libz.dylib in Frameworks */,
				D6C3509216F51D3000C5FBD4 /* CFNetwork.framework in Frameworks */,
				2F89588A16EB8608004A7B0E /* UIKit.framework in Frameworks */,
				2F89588C16EB8608004A7B0E /* Foundation.framework in Frameworks */,
				2F89588E16EB8608004A7B0E /* CoreGraphics.framework in Frameworks */,
			);
			runOnlyForDeploymentPostprocessing = 0;
		};
/* End PBXFrameworksBuildPhase section */

/* Begin PBXGroup section */
		2F89587D16EB8608004A7B0E = {
			isa = PBXGroup;
			children = (
				2F89588F16EB8608004A7B0E /* ManageMyRestaurantiOS */,
				2F89588816EB8608004A7B0E /* Frameworks */,
				2F89588716EB8608004A7B0E /* Products */,
			);
			sourceTree = "<group>";
		};
		2F89588716EB8608004A7B0E /* Products */ = {
			isa = PBXGroup;
			children = (
				2F89588616EB8608004A7B0E /* ManageMyRestaurantiOS.app */,
			);
			name = Products;
			sourceTree = "<group>";
		};
		2F89588816EB8608004A7B0E /* Frameworks */ = {
			isa = PBXGroup;
			children = (
				D6C3509316F51D3700C5FBD4 /* libz.dylib */,
				D6C3509116F51D3000C5FBD4 /* CFNetwork.framework */,
				D6C3509516F51D3D00C5FBD4 /* SystemConfiguration.framework */,
				D6C3509716F51D4500C5FBD4 /* MobileCoreServices.framework */,
				2F89588916EB8608004A7B0E /* UIKit.framework */,
				2F89588B16EB8608004A7B0E /* Foundation.framework */,
				2F89588D16EB8608004A7B0E /* CoreGraphics.framework */,
			);
			name = Frameworks;
			sourceTree = "<group>";
		};
		2F89588F16EB8608004A7B0E /* ManageMyRestaurantiOS */ = {
			isa = PBXGroup;
			children = (
				2F89589816EB8608004A7B0E /* ManageMyRestaurantiOSAppDelegate.h */,
				2F89589916EB8608004A7B0E /* ManageMyRestaurantiOSAppDelegate.m */,
				2F8958A116EB8609004A7B0E /* MainStoryboard_iPhone.storyboard */,
				2F8958A416EB8609004A7B0E /* MainStoryboard_iPad.storyboard */,
				2F89593316EBF5D3004A7B0E /* MenuItem.h */,
				2F89593416EBF5D3004A7B0E /* MenuItem.m */,
				2F89593616EBF82A004A7B0E /* MenuItemDataController.h */,
				2F89593716EBF82A004A7B0E /* MenuItemDataController.m */,
				2F89593916EC0478004A7B0E /* MenuMasterViewController.h */,
				2F89593A16EC0478004A7B0E /* MenuMasterViewController.m */,
				2F89593C16EC052A004A7B0E /* MenuDetailViewController.h */,
				2F89593D16EC052A004A7B0E /* MenuDetailViewController.m */,
				DD113AC816EFBC2000703CFA /* AddMenuItemViewController.h */,
				DD113AC916EFBC2000703CFA /* AddMenuItemViewController.m */,
				2F4FFBAB16EE6325005805DB /* EditMenuDetailViewController.h */,
				2F4FFBAC16EE6325005805DB /* EditMenuDetailViewController.m */,
				D63DB53516F645FF00B2D7CE /* SBJson */,
				D6C3505116F51CCD00C5FBD4 /* ASIHttpRequest */,
				2FC85AD016F0E42800C3216E /* UICustomSwitch */,
				2F89589016EB8608004A7B0E /* Supporting Files */,
			);
			path = ManageMyRestaurantiOS;
			sourceTree = "<group>";
		};
		2F89589016EB8608004A7B0E /* Supporting Files */ = {
			isa = PBXGroup;
			children = (
				2F89589116EB8608004A7B0E /* ManageMyRestaurantiOS-Info.plist */,
				2F89589216EB8608004A7B0E /* InfoPlist.strings */,
				2F89589516EB8608004A7B0E /* main.m */,
				2F89589716EB8608004A7B0E /* ManageMyRestaurantiOS-Prefix.pch */,
				2F89589B16EB8608004A7B0E /* Default.png */,
				2F89589D16EB8608004A7B0E /* Default@2x.png */,
				2F89589F16EB8609004A7B0E /* Default-568h@2x.png */,
			);
			name = "Supporting Files";
			sourceTree = "<group>";
		};
		2FC85AD016F0E42800C3216E /* UICustomSwitch */ = {
			isa = PBXGroup;
			children = (
				2FC85AD116F0E42800C3216E /* UICustomSwitch */,
				2FC85AD716F0E42800C3216E /* __MACOSX */,
			);
			path = UICustomSwitch;
			sourceTree = "<group>";
		};
		2FC85AD116F0E42800C3216E /* UICustomSwitch */ = {
			isa = PBXGroup;
			children = (
				2FC85AD216F0E42800C3216E /* UICustomSwitch.m */,
				2FC85AD316F0E42800C3216E /* switchOffPlain.png */,
				2FC85AD416F0E42800C3216E /* UICustomSwitch.h */,
				2FC85AD516F0E42800C3216E /* switchThumb.png */,
				2FC85AD616F0E42800C3216E /* switchBlueBg.png */,
			);
			path = UICustomSwitch;
			sourceTree = "<group>";
		};
		2FC85AD716F0E42800C3216E /* __MACOSX */ = {
			isa = PBXGroup;
			children = (
				2FC85AD816F0E42800C3216E /* UICustomSwitch */,
			);
			path = __MACOSX;
			sourceTree = "<group>";
		};
		2FC85AD816F0E42800C3216E /* UICustomSwitch */ = {
			isa = PBXGroup;
			children = (
			);
			path = UICustomSwitch;
			sourceTree = "<group>";
		};
		D63DB53516F645FF00B2D7CE /* SBJson */ = {
			isa = PBXGroup;
			children = (
				D63DB53616F645FF00B2D7CE /* SBJsonStreamWriter.h */,
				D63DB53716F645FF00B2D7CE /* SBJsonStreamWriterState.h */,
				D63DB53816F645FF00B2D7CE /* SBJsonStreamParserAccumulator.m */,
				D63DB53916F645FF00B2D7CE /* SBJsonStreamWriterAccumulator.h */,
				D63DB53A16F645FF00B2D7CE /* SBJsonWriter.m */,
				D63DB53B16F645FF00B2D7CE /* SBJsonStreamParser.m */,
				D63DB53C16F645FF00B2D7CE /* SBJsonStreamParserAdapter.m */,
				D63DB53D16F645FF00B2D7CE /* SBJsonStreamParserAdapter.h */,
				D63DB53E16F645FF00B2D7CE /* SBJsonWriter.h */,
				D63DB53F16F645FF00B2D7CE /* SBJsonStreamParserState.h */,
				D63DB54016F645FF00B2D7CE /* SBJsonStreamParser.h */,
				D63DB54116F645FF00B2D7CE /* SBJsonStreamTokeniser.h */,
				D63DB54216F645FF00B2D7CE /* SBJsonStreamParserState.m */,
				D63DB54316F645FF00B2D7CE /* SBJson.h */,
				D63DB54416F645FF00B2D7CE /* SBJsonParser.h */,
				D63DB54516F645FF00B2D7CE /* SBJsonStreamParserAccumulator.h */,
				D63DB54616F645FF00B2D7CE /* SBJsonStreamWriterState.m */,
				D63DB54716F645FF00B2D7CE /* SBJsonStreamTokeniser.m */,
				D63DB54816F645FF00B2D7CE /* SBJsonStreamWriter.m */,
				D63DB54916F645FF00B2D7CE /* SBJsonParser.m */,
				D63DB54A16F645FF00B2D7CE /* SBJsonStreamWriterAccumulator.m */,
			);
			name = SBJson;
			path = SBJson/objc;
			sourceTree = "<group>";
		};
		D6C3505116F51CCD00C5FBD4 /* ASIHttpRequest */ = {
			isa = PBXGroup;
			children = (
				D6C3505216F51CCD00C5FBD4 /* Reachability.h */,
				D6C3505316F51CCD00C5FBD4 /* ASIProgressDelegate.h */,
				D6C3505416F51CCD00C5FBD4 /* ASIDownloadCache.h */,
				D6C3505516F51CCD00C5FBD4 /* ASIFormDataRequest.m */,
				D6C3505616F51CCD00C5FBD4 /* ASIInputStream.m */,
				D6C3505716F51CCD00C5FBD4 /* ASIDataCompressor.h */,
				D6C3505816F51CCD00C5FBD4 /* ASIHTTPRequest.m */,
				D6C3505916F51CCD00C5FBD4 /* ASIDownloadCache.m */,
				D6C3505A16F51CCD00C5FBD4 /* ASINetworkQueue.h */,
				D6C3505B16F51CCD00C5FBD4 /* ASIDataCompressor.m */,
				D6C3505C16F51CCD00C5FBD4 /* ASIAuthenticationDialog.h */,
				D6C3505D16F51CCD00C5FBD4 /* ASIHTTPRequest.h */,
				D6C3505E16F51CCD00C5FBD4 /* ASIAuthenticationDialog.m */,
				D6C3505F16F51CCD00C5FBD4 /* ASIDataDecompressor.h */,
				D6C3506016F51CCD00C5FBD4 /* ASINetworkQueue.m */,
				D6C3506116F51CCD00C5FBD4 /* ASICacheDelegate.h */,
				D6C3506216F51CCD00C5FBD4 /* ASIDataDecompressor.m */,
				D6C3506316F51CCD00C5FBD4 /* ASIHTTPRequestConfig.h */,
				D6C3506416F51CCD00C5FBD4 /* ASIHTTPRequestDelegate.h */,
				D6C3506516F51CCD00C5FBD4 /* Reachability.m */,
				D6C3506616F51CCD00C5FBD4 /* ASIInputStream.h */,
				D6C3506716F51CCD00C5FBD4 /* ASIFormDataRequest.h */,
			);
			path = ASIHttpRequest;
			sourceTree = "<group>";
		};
/* End PBXGroup section */

/* Begin PBXNativeTarget section */
		2F89588516EB8608004A7B0E /* ManageMyRestaurantiOS */ = {
			isa = PBXNativeTarget;
			buildConfigurationList = 2F8958B716EB8609004A7B0E /* Build configuration list for PBXNativeTarget "ManageMyRestaurantiOS" */;
			buildPhases = (
				2F89588216EB8608004A7B0E /* Sources */,
				2F89588316EB8608004A7B0E /* Frameworks */,
				2F89588416EB8608004A7B0E /* Resources */,
			);
			buildRules = (
			);
			dependencies = (
			);
			name = ManageMyRestaurantiOS;
			productName = ManageMyRestaurantiOS;
			productReference = 2F89588616EB8608004A7B0E /* ManageMyRestaurantiOS.app */;
			productType = "com.apple.product-type.application";
		};
/* End PBXNativeTarget section */

/* Begin PBXProject section */
		2F89587E16EB8608004A7B0E /* Project object */ = {
			isa = PBXProject;
			attributes = {
				CLASSPREFIX = ManageMyRestaurantiOS;
				LastUpgradeCheck = 0460;
				ORGANIZATIONNAME = Group6Comp4350;
			};
			buildConfigurationList = 2F89588116EB8608004A7B0E /* Build configuration list for PBXProject "ManageMyRestaurantiOS" */;
			compatibilityVersion = "Xcode 3.2";
			developmentRegion = English;
			hasScannedForEncodings = 0;
			knownRegions = (
				en,
			);
			mainGroup = 2F89587D16EB8608004A7B0E;
			productRefGroup = 2F89588716EB8608004A7B0E /* Products */;
			projectDirPath = "";
			projectRoot = "";
			targets = (
				2F89588516EB8608004A7B0E /* ManageMyRestaurantiOS */,
			);
		};
/* End PBXProject section */

/* Begin PBXResourcesBuildPhase section */
		2F89588416EB8608004A7B0E /* Resources */ = {
			isa = PBXResourcesBuildPhase;
			buildActionMask = 2147483647;
			files = (
				2F89589416EB8608004A7B0E /* InfoPlist.strings in Resources */,
				2F89589C16EB8608004A7B0E /* Default.png in Resources */,
				2F89589E16EB8608004A7B0E /* Default@2x.png in Resources */,
				2F8958A016EB8609004A7B0E /* Default-568h@2x.png in Resources */,
				2F8958A316EB8609004A7B0E /* MainStoryboard_iPhone.storyboard in Resources */,
				2F8958A616EB8609004A7B0E /* MainStoryboard_iPad.storyboard in Resources */,
				2FC85ADA16F0E42800C3216E /* switchOffPlain.png in Resources */,
				2FC85ADB16F0E42800C3216E /* switchThumb.png in Resources */,
				2FC85ADC16F0E42800C3216E /* switchBlueBg.png in Resources */,
			);
			runOnlyForDeploymentPostprocessing = 0;
		};
/* End PBXResourcesBuildPhase section */

/* Begin PBXSourcesBuildPhase section */
		2F89588216EB8608004A7B0E /* Sources */ = {
			isa = PBXSourcesBuildPhase;
			buildActionMask = 2147483647;
			files = (
				2F89589616EB8608004A7B0E /* main.m in Sources */,
				2F89589A16EB8608004A7B0E /* ManageMyRestaurantiOSAppDelegate.m in Sources */,
				2F89593516EBF5D3004A7B0E /* MenuItem.m in Sources */,
				2F89593816EBF82A004A7B0E /* MenuItemDataController.m in Sources */,
				2F89593B16EC0478004A7B0E /* MenuMasterViewController.m in Sources */,
				2F89593E16EC052A004A7B0E /* MenuDetailViewController.m in Sources */,
				2F4FFBAD16EE6325005805DB /* EditMenuDetailViewController.m in Sources */,
				DD113ACA16EFBC2000703CFA /* AddMenuItemViewController.m in Sources */,
				2FC85AD916F0E42800C3216E /* UICustomSwitch.m in Sources */,
				D6C3506816F51CCD00C5FBD4 /* ASIFormDataRequest.m in Sources */,
				D6C3506916F51CCD00C5FBD4 /* ASIInputStream.m in Sources */,
				D6C3506A16F51CCD00C5FBD4 /* ASIHTTPRequest.m in Sources */,
				D6C3506B16F51CCD00C5FBD4 /* ASIDownloadCache.m in Sources */,
				D6C3506C16F51CCD00C5FBD4 /* ASIDataCompressor.m in Sources */,
				D6C3506D16F51CCD00C5FBD4 /* ASIAuthenticationDialog.m in Sources */,
				D6C3506E16F51CCD00C5FBD4 /* ASINetworkQueue.m in Sources */,
				D6C3506F16F51CCD00C5FBD4 /* ASIDataDecompressor.m in Sources */,
				D6C3507016F51CCD00C5FBD4 /* Reachability.m in Sources */,
				D63DB54B16F645FF00B2D7CE /* SBJsonStreamParserAccumulator.m in Sources */,
				D63DB54C16F645FF00B2D7CE /* SBJsonWriter.m in Sources */,
				D63DB54D16F645FF00B2D7CE /* SBJsonStreamParser.m in Sources */,
				D63DB54E16F645FF00B2D7CE /* SBJsonStreamParserAdapter.m in Sources */,
				D63DB54F16F645FF00B2D7CE /* SBJsonStreamParserState.m in Sources */,
				D63DB55016F645FF00B2D7CE /* SBJsonStreamWriterState.m in Sources */,
				D63DB55116F645FF00B2D7CE /* SBJsonStreamTokeniser.m in Sources */,
				D63DB55216F645FF00B2D7CE /* SBJsonStreamWriter.m in Sources */,
				D63DB55316F645FF00B2D7CE /* SBJsonParser.m in Sources */,
				D63DB55416F645FF00B2D7CE /* SBJsonStreamWriterAccumulator.m in Sources */,
			);
			runOnlyForDeploymentPostprocessing = 0;
		};
/* End PBXSourcesBuildPhase section */

/* Begin PBXVariantGroup section */
		2F89589216EB8608004A7B0E /* InfoPlist.strings */ = {
			isa = PBXVariantGroup;
			children = (
				2F89589316EB8608004A7B0E /* en */,
			);
			name = InfoPlist.strings;
			sourceTree = "<group>";
		};
		2F8958A116EB8609004A7B0E /* MainStoryboard_iPhone.storyboard */ = {
			isa = PBXVariantGroup;
			children = (
				2F8958A216EB8609004A7B0E /* en */,
			);
			name = MainStoryboard_iPhone.storyboard;
			sourceTree = "<group>";
		};
		2F8958A416EB8609004A7B0E /* MainStoryboard_iPad.storyboard */ = {
			isa = PBXVariantGroup;
			children = (
				2F8958A516EB8609004A7B0E /* en */,
			);
			name = MainStoryboard_iPad.storyboard;
			sourceTree = "<group>";
		};
/* End PBXVariantGroup section */

/* Begin XCBuildConfiguration section */
		2F8958B516EB8609004A7B0E /* Debug */ = {
			isa = XCBuildConfiguration;
			buildSettings = {
				ALWAYS_SEARCH_USER_PATHS = NO;
				CLANG_CXX_LANGUAGE_STANDARD = "gnu++0x";
				CLANG_CXX_LIBRARY = "libc++";
				CLANG_ENABLE_OBJC_ARC = YES;
				CLANG_WARN_CONSTANT_CONVERSION = YES;
				CLANG_WARN_EMPTY_BODY = YES;
				CLANG_WARN_ENUM_CONVERSION = YES;
				CLANG_WARN_INT_CONVERSION = YES;
				CLANG_WARN__DUPLICATE_METHOD_MATCH = YES;
				CODE_SIGN_IDENTITY = "iPhone Developer";
				"CODE_SIGN_IDENTITY[sdk=iphoneos*]" = "iPhone Developer";
				COPY_PHASE_STRIP = NO;
				GCC_C_LANGUAGE_STANDARD = gnu99;
				GCC_DYNAMIC_NO_PIC = NO;
				GCC_OPTIMIZATION_LEVEL = 0;
				GCC_PREPROCESSOR_DEFINITIONS = (
					"DEBUG=1",
					"$(inherited)",
				);
				GCC_SYMBOLS_PRIVATE_EXTERN = NO;
				GCC_WARN_ABOUT_RETURN_TYPE = YES;
				GCC_WARN_UNINITIALIZED_AUTOS = YES;
				GCC_WARN_UNUSED_VARIABLE = YES;
				IPHONEOS_DEPLOYMENT_TARGET = 6.1;
				ONLY_ACTIVE_ARCH = YES;
				PROVISIONING_PROFILE = "";
				SDKROOT = iphoneos;
				TARGETED_DEVICE_FAMILY = "1,2";
			};
			name = Debug;
		};
		2F8958B616EB8609004A7B0E /* Release */ = {
			isa = XCBuildConfiguration;
			buildSettings = {
				ALWAYS_SEARCH_USER_PATHS = NO;
				CLANG_CXX_LANGUAGE_STANDARD = "gnu++0x";
				CLANG_CXX_LIBRARY = "libc++";
				CLANG_ENABLE_OBJC_ARC = YES;
				CLANG_WARN_CONSTANT_CONVERSION = YES;
				CLANG_WARN_EMPTY_BODY = YES;
				CLANG_WARN_ENUM_CONVERSION = YES;
				CLANG_WARN_INT_CONVERSION = YES;
				CLANG_WARN__DUPLICATE_METHOD_MATCH = YES;
				CODE_SIGN_IDENTITY = "iPhone Developer";
				"CODE_SIGN_IDENTITY[sdk=iphoneos*]" = "iPhone Developer";
				COPY_PHASE_STRIP = YES;
				GCC_C_LANGUAGE_STANDARD = gnu99;
				GCC_WARN_ABOUT_RETURN_TYPE = YES;
				GCC_WARN_UNINITIALIZED_AUTOS = YES;
				GCC_WARN_UNUSED_VARIABLE = YES;
				IPHONEOS_DEPLOYMENT_TARGET = 6.1;
				OTHER_CFLAGS = "-DNS_BLOCK_ASSERTIONS=1";
				PROVISIONING_PROFILE = "";
				"PROVISIONING_PROFILE[sdk=iphoneos*]" = "";
				SDKROOT = iphoneos;
				TARGETED_DEVICE_FAMILY = "1,2";
				VALIDATE_PRODUCT = YES;
			};
			name = Release;
		};
		2F8958B816EB8609004A7B0E /* Debug */ = {
			isa = XCBuildConfiguration;
			buildSettings = {
				CODE_SIGN_IDENTITY = "iPhone Developer: Amandusia Chmieluk (KGEV68ZL8Q)";
				GCC_PRECOMPILE_PREFIX_HEADER = YES;
				GCC_PREFIX_HEADER = "ManageMyRestaurantiOS/ManageMyRestaurantiOS-Prefix.pch";
				INFOPLIST_FILE = "ManageMyRestaurantiOS/ManageMyRestaurantiOS-Info.plist";
				PRODUCT_NAME = "$(TARGET_NAME)";
				PROVISIONING_PROFILE = "E48E4454-2D8B-4E9E-9EFB-466DB4CFBEC1";
				WRAPPER_EXTENSION = app;
			};
			name = Debug;
		};
		2F8958B916EB8609004A7B0E /* Release */ = {
			isa = XCBuildConfiguration;
			buildSettings = {
				CODE_SIGN_IDENTITY = "iPhone Developer: Amandusia Chmieluk (KGEV68ZL8Q)";
				GCC_PRECOMPILE_PREFIX_HEADER = YES;
				GCC_PREFIX_HEADER = "ManageMyRestaurantiOS/ManageMyRestaurantiOS-Prefix.pch";
				INFOPLIST_FILE = "ManageMyRestaurantiOS/ManageMyRestaurantiOS-Info.plist";
				PRODUCT_NAME = "$(TARGET_NAME)";
				PROVISIONING_PROFILE = "E48E4454-2D8B-4E9E-9EFB-466DB4CFBEC1";
				WRAPPER_EXTENSION = app;
			};
			name = Release;
		};
/* End XCBuildConfiguration section */

/* Begin XCConfigurationList section */
		2F89588116EB8608004A7B0E /* Build configuration list for PBXProject "ManageMyRestaurantiOS" */ = {
			isa = XCConfigurationList;
			buildConfigurations = (
				2F8958B516EB8609004A7B0E /* Debug */,
				2F8958B616EB8609004A7B0E /* Release */,
			);
			defaultConfigurationIsVisible = 0;
			defaultConfigurationName = Release;
		};
		2F8958B716EB8609004A7B0E /* Build configuration list for PBXNativeTarget "ManageMyRestaurantiOS" */ = {
			isa = XCConfigurationList;
			buildConfigurations = (
				2F8958B816EB8609004A7B0E /* Debug */,
				2F8958B916EB8609004A7B0E /* Release */,
			);
			defaultConfigurationIsVisible = 0;
			defaultConfigurationName = Release;
		};
/* End XCConfigurationList section */
	};
	rootObject = 2F89587E16EB8608004A7B0E /* Project object */;
}
